
Microsoft Visual Studio Solution File, Format Version 12.00
# Visual Studio 15
VisualStudioVersion = 15.0.27130.2024
MinimumVisualStudioVersion = 10.0.40219.1
Project("{FAE04EC0-301F-11D3-BF4B-00C04F79EFBC}") = "IRDInsoftService", "IRDInsoftService\IRDInsoftService.csproj", "{A5692CF8-3525-442E-931E-5A4812CBB70E}"
EndProject
Global
	GlobalSection(SolutionConfigurationPlatforms) = preSolution
		Debug|Any CPU = Debug|Any CPU
		Release|Any CPU = Release|Any CPU
	EndGlobalSection
	GlobalSection(ProjectConfigurationPlatforms) = postSolution
		{A5692CF8-3525-442E-931E-5A4812CBB70E}.Debug|Any CPU.ActiveCfg = Debug|Any CPU
		{A5692CF8-3525-442E-931E-5A4812CBB70E}.Debug|Any CPU.Build.0 = Debug|Any CPU
		{A5692CF8-3525-442E-931E-5A4812CBB70E}.Release|Any CPU.ActiveCfg = Release|Any CPU
		{A5692CF8-3525-442E-931E-5A4812CBB70E}.Release|Any CPU.Build.0 = Release|Any CPU
	EndGlobalSection
	GlobalSection(SolutionProperties) = preSolution
		HideSolutionNode = FALSE
	EndGlobalSection
	GlobalSection(ExtensibilityGlobals) = postSolution
		SolutionGuid = {EA412DA3-6FAC-4844-977E-05C2B31698E1}
	EndGlobalSection
EndGlobal
